
Microsoft Visual Studio Solution File, Format Version 12.00
# Visual Studio Version 16
VisualStudioVersion = 16.0.30011.22
MinimumVisualStudioVersion = 10.0.40219.1
Project("{2150E333-8FDC-42A3-9474-1A3956D46DE8}") = "1 - App", "1 - App", "{E2FD9E48-BB13-4676-96EF-AB8290221C8A}"
EndProject
Project("{2150E333-8FDC-42A3-9474-1A3956D46DE8}") = "2 - Module", "2 - Module", "{42668A00-A954-463B-9924-CF7F6E6FD9EA}"
EndProject
Project("{2150E333-8FDC-42A3-9474-1A3956D46DE8}") = "4 - General", "4 - General", "{2C7FAD2A-2753-473C-A8D4-5D176117BFB1}"
EndProject
Project("{2150E333-8FDC-42A3-9474-1A3956D46DE8}") = "5 - Base", "5 - Base", "{C347B711-9ECA-4258-A72D-65DBDF460AB3}"
EndProject
Project("{FAE04EC0-301F-11D3-BF4B-00C04F79EFBC}") = "HeBianGu.General.ModuleService", "..\Source\General\HeBianGu.General.ModuleService\HeBianGu.General.ModuleService.csproj", "{A62B82DF-D446-479E-9815-C8BC40EFD077}"
EndProject
Project("{FAE04EC0-301F-11D3-BF4B-00C04F79EFBC}") = "HeBianGu.Module.ModuleC", "..\Source\Module\HeBianGu.Module.ModuleC\HeBianGu.Module.ModuleC.csproj", "{2A3EEEF3-F5EC-4556-9635-CA98E00D50C9}"
EndProject
Project("{FAE04EC0-301F-11D3-BF4B-00C04F79EFBC}") = "HeBianGu.Module.ModuleD", "..\Source\Module\HeBianGu.Module.ModuleD\HeBianGu.Module.ModuleD.csproj", "{390E37B7-BD16-4302-97E1-FEDFF6C296AC}"
EndProject
Project("{FAE04EC0-301F-11D3-BF4B-00C04F79EFBC}") = "HeBianGu.App.ShellOffice", "..\Source\Application\HeBianGu.App.ShellOffice\HeBianGu.App.ShellOffice.csproj", "{DD722D5A-4280-4463-8FBC-D220520F5A19}"
EndProject
Project("{FAE04EC0-301F-11D3-BF4B-00C04F79EFBC}") = "HeBianGu.Module.Identify", "..\Source\Module\HeBianGu.Module.Identify\HeBianGu.Module.Identify.csproj", "{A4ACC73B-9AF0-4003-A210-53AD13DC4696}"
EndProject
Project("{FAE04EC0-301F-11D3-BF4B-00C04F79EFBC}") = "HeBianGu.Module.Logger", "..\Source\Module\HeBianGu.Module.Logger\HeBianGu.Module.Logger.csproj", "{681A3816-F35D-43A7-A316-6BD8232B4553}"
EndProject
Project("{2150E333-8FDC-42A3-9474-1A3956D46DE8}") = "3.1 - ModuleService", "3.1 - ModuleService", "{8822FADE-45D4-4733-A40C-BA60077CAD29}"
EndProject
Project("{FAE04EC0-301F-11D3-BF4B-00C04F79EFBC}") = "HeBianGu.Module.SysConfig", "..\Source\Module\HeBianGu.Module.SysConfig\HeBianGu.Module.SysConfig.csproj", "{D9E1471C-8114-4AB1-9933-52A8C8697E47}"
EndProject
Project("{FAE04EC0-301F-11D3-BF4B-00C04F79EFBC}") = "HeBianGu.Base.WpfBase", "..\..\WPF-ControlBase\Source\Base\HeBianGu.Base.WpfBase\HeBianGu.Base.WpfBase.csproj", "{A74196BF-ACD5-419F-B690-C88BDA11BD8B}"
EndProject
Project("{FAE04EC0-301F-11D3-BF4B-00C04F79EFBC}") = "HeBianGu.General.WpfControlLib", "..\..\WPF-ControlBase\Source\General\HeBianGu.General.WpfControlLib\HeBianGu.General.WpfControlLib.csproj", "{E2418BBF-223A-4A46-BBAD-F43088966067}"
EndProject
Project("{2150E333-8FDC-42A3-9474-1A3956D46DE8}") = "3 - Control", "3 - Control", "{56D1A861-C80B-47D9-BCF0-27CF8DCEA080}"
EndProject
Project("{FAE04EC0-301F-11D3-BF4B-00C04F79EFBC}") = "HeBianGu.Control.PropertyGrid", "..\..\WPF-Controls\Source\Control\HeBianGu.Control.PropertyGrid\HeBianGu.Control.PropertyGrid.csproj", "{1E817923-75AC-42EC-B2DD-3951333E7CEC}"
EndProject
Project("{FAE04EC0-301F-11D3-BF4B-00C04F79EFBC}") = "HeBianGu.Module.AutoTest", "..\Source\Module\HeBianGu.Module.AutoTest\HeBianGu.Module.AutoTest.csproj", "{B05958F4-E317-48C2-9203-52E35F43A92A}"
EndProject
Project("{FAE04EC0-301F-11D3-BF4B-00C04F79EFBC}") = "HeBianGu.General.WpfMvc", "..\..\WPF-ControlBase\Source\General\HeBianGu.General.WpfMvc\HeBianGu.General.WpfMvc.csproj", "{410EBD59-ADE6-4C39-AA8A-95BCA10B9239}"
EndProject
Project("{FAE04EC0-301F-11D3-BF4B-00C04F79EFBC}") = "HeBianGu.General.LicService", "..\..\DotNet-License\Source\General\HeBianGu.General.LicService\HeBianGu.General.LicService.csproj", "{D63BE7AB-25FE-417A-9234-733906ED34E7}"
EndProject
Project("{FAE04EC0-301F-11D3-BF4B-00C04F79EFBC}") = "HeBianGu.Control.Lic", "..\..\DotNet-License\Source\Control\HeBianGu.Control.Lic\HeBianGu.Control.Lic.csproj", "{84E2A34F-E6A3-4452-994E-F2C3112CE001}"
EndProject
Project("{FAE04EC0-301F-11D3-BF4B-00C04F79EFBC}") = "JiuJinTech.ATS.Interface", "..\Source\Base\JiuJinTech.ATS.Interface\JiuJinTech.ATS.Interface.csproj", "{016D253D-E68B-4D5A-955F-3572484CC48A}"
EndProject
Project("{FAE04EC0-301F-11D3-BF4B-00C04F79EFBC}") = "HeBianGu.General.WcfService", "..\..\WCF-Service\Source\General\HeBianGu.General.WcfService\HeBianGu.General.WcfService.csproj", "{53521187-E520-4C60-BD1B-C6A6C4200FA4}"
EndProject
Project("{FAE04EC0-301F-11D3-BF4B-00C04F79EFBC}") = "HeBianGu.Control.Drawer", "..\..\WPF-Controls\Source\Control\HeBianGu.Control.Drawer\HeBianGu.Control.Drawer.csproj", "{3D572314-1435-4DF3-AD93-88A33DD7482B}"
EndProject
Project("{FAE04EC0-301F-11D3-BF4B-00C04F79EFBC}") = "HeBianGu.Control.PagedDataGrid", "..\..\WPF-Controls\Source\Control\HeBianGu.Control.PagedDataGrid\HeBianGu.Control.PagedDataGrid.csproj", "{42842C36-E62C-474A-B058-8F38FA78C919}"
EndProject
Project("{FAE04EC0-301F-11D3-BF4B-00C04F79EFBC}") = "HeBianGu.Control.Chart2D", "..\..\WPF-Controls\Source\Control\HeBianGu.Control.Chart2D\HeBianGu.Control.Chart2D.csproj", "{22F82BA8-D26C-430C-A37A-9AF3906A86AF}"
EndProject
Global
	GlobalSection(SolutionConfigurationPlatforms) = preSolution
		Debug|Any CPU = Debug|Any CPU
		Release|Any CPU = Release|Any CPU
	EndGlobalSection
	GlobalSection(ProjectConfigurationPlatforms) = postSolution
		{A62B82DF-D446-479E-9815-C8BC40EFD077}.Debug|Any CPU.ActiveCfg = Debug|Any CPU
		{A62B82DF-D446-479E-9815-C8BC40EFD077}.Debug|Any CPU.Build.0 = Debug|Any CPU
		{A62B82DF-D446-479E-9815-C8BC40EFD077}.Release|Any CPU.ActiveCfg = Release|Any CPU
		{A62B82DF-D446-479E-9815-C8BC40EFD077}.Release|Any CPU.Build.0 = Release|Any CPU
		{2A3EEEF3-F5EC-4556-9635-CA98E00D50C9}.Debug|Any CPU.ActiveCfg = Debug|Any CPU
		{2A3EEEF3-F5EC-4556-9635-CA98E00D50C9}.Debug|Any CPU.Build.0 = Debug|Any CPU
		{2A3EEEF3-F5EC-4556-9635-CA98E00D50C9}.Release|Any CPU.ActiveCfg = Release|Any CPU
		{2A3EEEF3-F5EC-4556-9635-CA98E00D50C9}.Release|Any CPU.Build.0 = Release|Any CPU
		{390E37B7-BD16-4302-97E1-FEDFF6C296AC}.Debug|Any CPU.ActiveCfg = Debug|Any CPU
		{390E37B7-BD16-4302-97E1-FEDFF6C296AC}.Debug|Any CPU.Build.0 = Debug|Any CPU
		{390E37B7-BD16-4302-97E1-FEDFF6C296AC}.Release|Any CPU.ActiveCfg = Release|Any CPU
		{390E37B7-BD16-4302-97E1-FEDFF6C296AC}.Release|Any CPU.Build.0 = Release|Any CPU
		{DD722D5A-4280-4463-8FBC-D220520F5A19}.Debug|Any CPU.ActiveCfg = Debug|Any CPU
		{DD722D5A-4280-4463-8FBC-D220520F5A19}.Debug|Any CPU.Build.0 = Debug|Any CPU
		{DD722D5A-4280-4463-8FBC-D220520F5A19}.Release|Any CPU.ActiveCfg = Release|Any CPU
		{DD722D5A-4280-4463-8FBC-D220520F5A19}.Release|Any CPU.Build.0 = Release|Any CPU
		{A4ACC73B-9AF0-4003-A210-53AD13DC4696}.Debug|Any CPU.ActiveCfg = Debug|Any CPU
		{A4ACC73B-9AF0-4003-A210-53AD13DC4696}.Debug|Any CPU.Build.0 = Debug|Any CPU
		{A4ACC73B-9AF0-4003-A210-53AD13DC4696}.Release|Any CPU.ActiveCfg = Release|Any CPU
		{A4ACC73B-9AF0-4003-A210-53AD13DC4696}.Release|Any CPU.Build.0 = Release|Any CPU
		{681A3816-F35D-43A7-A316-6BD8232B4553}.Debug|Any CPU.ActiveCfg = Debug|Any CPU
		{681A3816-F35D-43A7-A316-6BD8232B4553}.Debug|Any CPU.Build.0 = Debug|Any CPU
		{681A3816-F35D-43A7-A316-6BD8232B4553}.Release|Any CPU.ActiveCfg = Release|Any CPU
		{681A3816-F35D-43A7-A316-6BD8232B4553}.Release|Any CPU.Build.0 = Release|Any CPU
		{D9E1471C-8114-4AB1-9933-52A8C8697E47}.Debug|Any CPU.ActiveCfg = Debug|Any CPU
		{D9E1471C-8114-4AB1-9933-52A8C8697E47}.Debug|Any CPU.Build.0 = Debug|Any CPU
		{D9E1471C-8114-4AB1-9933-52A8C8697E47}.Release|Any CPU.ActiveCfg = Release|Any CPU
		{D9E1471C-8114-4AB1-9933-52A8C8697E47}.Release|Any CPU.Build.0 = Release|Any CPU
		{A74196BF-ACD5-419F-B690-C88BDA11BD8B}.Debug|Any CPU.ActiveCfg = Debug|Any CPU
		{A74196BF-ACD5-419F-B690-C88BDA11BD8B}.Debug|Any CPU.Build.0 = Debug|Any CPU
		{A74196BF-ACD5-419F-B690-C88BDA11BD8B}.Release|Any CPU.ActiveCfg = Release|Any CPU
		{A74196BF-ACD5-419F-B690-C88BDA11BD8B}.Release|Any CPU.Build.0 = Release|Any CPU
		{E2418BBF-223A-4A46-BBAD-F43088966067}.Debug|Any CPU.ActiveCfg = Debug|Any CPU
		{E2418BBF-223A-4A46-BBAD-F43088966067}.Debug|Any CPU.Build.0 = Debug|Any CPU
		{E2418BBF-223A-4A46-BBAD-F43088966067}.Release|Any CPU.ActiveCfg = Release|Any CPU
		{E2418BBF-223A-4A46-BBAD-F43088966067}.Release|Any CPU.Build.0 = Release|Any CPU
		{1E817923-75AC-42EC-B2DD-3951333E7CEC}.Debug|Any CPU.ActiveCfg = Debug|Any CPU
		{1E817923-75AC-42EC-B2DD-3951333E7CEC}.Debug|Any CPU.Build.0 = Debug|Any CPU
		{1E817923-75AC-42EC-B2DD-3951333E7CEC}.Release|Any CPU.ActiveCfg = Release|Any CPU
		{1E817923-75AC-42EC-B2DD-3951333E7CEC}.Release|Any CPU.Build.0 = Release|Any CPU
		{B05958F4-E317-48C2-9203-52E35F43A92A}.Debug|Any CPU.ActiveCfg = Debug|Any CPU
		{B05958F4-E317-48C2-9203-52E35F43A92A}.Debug|Any CPU.Build.0 = Debug|Any CPU
		{B05958F4-E317-48C2-9203-52E35F43A92A}.Release|Any CPU.ActiveCfg = Release|Any CPU
		{B05958F4-E317-48C2-9203-52E35F43A92A}.Release|Any CPU.Build.0 = Release|Any CPU
		{410EBD59-ADE6-4C39-AA8A-95BCA10B9239}.Debug|Any CPU.ActiveCfg = Debug|Any CPU
		{410EBD59-ADE6-4C39-AA8A-95BCA10B9239}.Debug|Any CPU.Build.0 = Debug|Any CPU
		{410EBD59-ADE6-4C39-AA8A-95BCA10B9239}.Release|Any CPU.ActiveCfg = Release|Any CPU
		{410EBD59-ADE6-4C39-AA8A-95BCA10B9239}.Release|Any CPU.Build.0 = Release|Any CPU
		{D63BE7AB-25FE-417A-9234-733906ED34E7}.Debug|Any CPU.ActiveCfg = Debug|Any CPU
		{D63BE7AB-25FE-417A-9234-733906ED34E7}.Debug|Any CPU.Build.0 = Debug|Any CPU
		{D63BE7AB-25FE-417A-9234-733906ED34E7}.Release|Any CPU.ActiveCfg = Release|Any CPU
		{D63BE7AB-25FE-417A-9234-733906ED34E7}.Release|Any CPU.Build.0 = Release|Any CPU
		{84E2A34F-E6A3-4452-994E-F2C3112CE001}.Debug|Any CPU.ActiveCfg = Debug|Any CPU
		{84E2A34F-E6A3-4452-994E-F2C3112CE001}.Debug|Any CPU.Build.0 = Debug|Any CPU
		{84E2A34F-E6A3-4452-994E-F2C3112CE001}.Release|Any CPU.ActiveCfg = Release|Any CPU
		{84E2A34F-E6A3-4452-994E-F2C3112CE001}.Release|Any CPU.Build.0 = Release|Any CPU
		{016D253D-E68B-4D5A-955F-3572484CC48A}.Debug|Any CPU.ActiveCfg = Debug|Any CPU
		{016D253D-E68B-4D5A-955F-3572484CC48A}.Debug|Any CPU.Build.0 = Debug|Any CPU
		{016D253D-E68B-4D5A-955F-3572484CC48A}.Release|Any CPU.ActiveCfg = Release|Any CPU
		{016D253D-E68B-4D5A-955F-3572484CC48A}.Release|Any CPU.Build.0 = Release|Any CPU
		{53521187-E520-4C60-BD1B-C6A6C4200FA4}.Debug|Any CPU.ActiveCfg = Debug|Any CPU
		{53521187-E520-4C60-BD1B-C6A6C4200FA4}.Debug|Any CPU.Build.0 = Debug|Any CPU
		{53521187-E520-4C60-BD1B-C6A6C4200FA4}.Release|Any CPU.ActiveCfg = Release|Any CPU
		{53521187-E520-4C60-BD1B-C6A6C4200FA4}.Release|Any CPU.Build.0 = Release|Any CPU
		{3D572314-1435-4DF3-AD93-88A33DD7482B}.Debug|Any CPU.ActiveCfg = Debug|Any CPU
		{3D572314-1435-4DF3-AD93-88A33DD7482B}.Debug|Any CPU.Build.0 = Debug|Any CPU
		{3D572314-1435-4DF3-AD93-88A33DD7482B}.Release|Any CPU.ActiveCfg = Release|Any CPU
		{3D572314-1435-4DF3-AD93-88A33DD7482B}.Release|Any CPU.Build.0 = Release|Any CPU
		{42842C36-E62C-474A-B058-8F38FA78C919}.Debug|Any CPU.ActiveCfg = Debug|Any CPU
		{42842C36-E62C-474A-B058-8F38FA78C919}.Debug|Any CPU.Build.0 = Debug|Any CPU
		{42842C36-E62C-474A-B058-8F38FA78C919}.Release|Any CPU.ActiveCfg = Release|Any CPU
		{42842C36-E62C-474A-B058-8F38FA78C919}.Release|Any CPU.Build.0 = Release|Any CPU
		{22F82BA8-D26C-430C-A37A-9AF3906A86AF}.Debug|Any CPU.ActiveCfg = Debug|Any CPU
		{22F82BA8-D26C-430C-A37A-9AF3906A86AF}.Debug|Any CPU.Build.0 = Debug|Any CPU
		{22F82BA8-D26C-430C-A37A-9AF3906A86AF}.Release|Any CPU.ActiveCfg = Release|Any CPU
		{22F82BA8-D26C-430C-A37A-9AF3906A86AF}.Release|Any CPU.Build.0 = Release|Any CPU
	EndGlobalSection
	GlobalSection(SolutionProperties) = preSolution
		HideSolutionNode = FALSE
	EndGlobalSection
	GlobalSection(NestedProjects) = preSolution
		{A62B82DF-D446-479E-9815-C8BC40EFD077} = {8822FADE-45D4-4733-A40C-BA60077CAD29}
		{2A3EEEF3-F5EC-4556-9635-CA98E00D50C9} = {42668A00-A954-463B-9924-CF7F6E6FD9EA}
		{390E37B7-BD16-4302-97E1-FEDFF6C296AC} = {42668A00-A954-463B-9924-CF7F6E6FD9EA}
		{DD722D5A-4280-4463-8FBC-D220520F5A19} = {E2FD9E48-BB13-4676-96EF-AB8290221C8A}
		{A4ACC73B-9AF0-4003-A210-53AD13DC4696} = {42668A00-A954-463B-9924-CF7F6E6FD9EA}
		{681A3816-F35D-43A7-A316-6BD8232B4553} = {42668A00-A954-463B-9924-CF7F6E6FD9EA}
		{8822FADE-45D4-4733-A40C-BA60077CAD29} = {2C7FAD2A-2753-473C-A8D4-5D176117BFB1}
		{D9E1471C-8114-4AB1-9933-52A8C8697E47} = {42668A00-A954-463B-9924-CF7F6E6FD9EA}
		{A74196BF-ACD5-419F-B690-C88BDA11BD8B} = {C347B711-9ECA-4258-A72D-65DBDF460AB3}
		{E2418BBF-223A-4A46-BBAD-F43088966067} = {2C7FAD2A-2753-473C-A8D4-5D176117BFB1}
		{1E817923-75AC-42EC-B2DD-3951333E7CEC} = {56D1A861-C80B-47D9-BCF0-27CF8DCEA080}
		{B05958F4-E317-48C2-9203-52E35F43A92A} = {42668A00-A954-463B-9924-CF7F6E6FD9EA}
		{410EBD59-ADE6-4C39-AA8A-95BCA10B9239} = {2C7FAD2A-2753-473C-A8D4-5D176117BFB1}
		{D63BE7AB-25FE-417A-9234-733906ED34E7} = {2C7FAD2A-2753-473C-A8D4-5D176117BFB1}
		{84E2A34F-E6A3-4452-994E-F2C3112CE001} = {56D1A861-C80B-47D9-BCF0-27CF8DCEA080}
		{016D253D-E68B-4D5A-955F-3572484CC48A} = {C347B711-9ECA-4258-A72D-65DBDF460AB3}
		{53521187-E520-4C60-BD1B-C6A6C4200FA4} = {2C7FAD2A-2753-473C-A8D4-5D176117BFB1}
		{3D572314-1435-4DF3-AD93-88A33DD7482B} = {56D1A861-C80B-47D9-BCF0-27CF8DCEA080}
		{42842C36-E62C-474A-B058-8F38FA78C919} = {56D1A861-C80B-47D9-BCF0-27CF8DCEA080}
		{22F82BA8-D26C-430C-A37A-9AF3906A86AF} = {56D1A861-C80B-47D9-BCF0-27CF8DCEA080}
	EndGlobalSection
	GlobalSection(ExtensibilityGlobals) = postSolution
		SolutionGuid = {4CAC8F5B-CD0B-420D-913A-981F18B0C07E}
	EndGlobalSection
EndGlobal
